
Microsoft Visual Studio Solution File, Format Version 9.00
# Visual Studio 2005
Project("{FAE04EC0-301F-11D3-BF4B-00C04F79EFBC}") = "Chart3DLib", "Chart3DLib\Chart3DLib.csproj", "{7AE2EAE6-4652-4C60-98A6-A71C0FCF35FD}"
EndProject
Project("{FAE04EC0-301F-11D3-BF4B-00C04F79EFBC}") = "Test", "Test\Test.csproj", "{6B30DD1D-FCFB-4F63-BC6B-A31265505720}"
EndProject
Global
	GlobalSection(SolutionConfigurationPlatforms) = preSolution
		Debug|Any CPU = Debug|Any CPU
		Release|Any CPU = Release|Any CPU
	EndGlobalSection
	GlobalSection(ProjectConfigurationPlatforms) = postSolution
		{7AE2EAE6-4652-4C60-98A6-A71C0FCF35FD}.Debug|Any CPU.ActiveCfg = Debug|Any CPU
		{7AE2EAE6-4652-4C60-98A6-A71C0FCF35FD}.Debug|Any CPU.Build.0 = Debug|Any CPU
		{7AE2EAE6-4652-4C60-98A6-A71C0FCF35FD}.Release|Any CPU.ActiveCfg = Release|Any CPU
		{7AE2EAE6-4652-4C60-98A6-A71C0FCF35FD}.Release|Any CPU.Build.0 = Release|Any CPU
		{6B30DD1D-FCFB-4F63-BC6B-A31265505720}.Debug|Any CPU.ActiveCfg = Debug|Any CPU
		{6B30DD1D-FCFB-4F63-BC6B-A31265505720}.Debug|Any CPU.Build.0 = Debug|Any CPU
		{6B30DD1D-FCFB-4F63-BC6B-A31265505720}.Release|Any CPU.ActiveCfg = Release|Any CPU
		{6B30DD1D-FCFB-4F63-BC6B-A31265505720}.Release|Any CPU.Build.0 = Release|Any CPU
	EndGlobalSection
	GlobalSection(SolutionProperties) = preSolution
		HideSolutionNode = FALSE
	EndGlobalSection
EndGlobal
